
Microsoft Visual Studio Solution File, Format Version 12.00
# Visual Studio Version 17
VisualStudioVersion = 17.5.002.0
MinimumVisualStudioVersion = 10.0.40219.1
Project("{9A19103F-16F7-4668-BE54-9A1E7A4F7556}") = "practica9-yosselynhernande19-25", "practica9-yosselynhernande19-25.csproj", "{E7C83FD0-406C-4D78-8161-A3B11E0846A2}"
EndProject
Global
	GlobalSection(SolutionConfigurationPlatforms) = preSolution
		Debug|Any CPU = Debug|Any CPU
		Release|Any CPU = Release|Any CPU
	EndGlobalSection
	GlobalSection(ProjectConfigurationPlatforms) = postSolution
		{E7C83FD0-406C-4D78-8161-A3B11E0846A2}.Debug|Any CPU.ActiveCfg = Debug|Any CPU
		{E7C83FD0-406C-4D78-8161-A3B11E0846A2}.Debug|Any CPU.Build.0 = Debug|Any CPU
		{E7C83FD0-406C-4D78-8161-A3B11E0846A2}.Release|Any CPU.ActiveCfg = Release|Any CPU
		{E7C83FD0-406C-4D78-8161-A3B11E0846A2}.Release|Any CPU.Build.0 = Release|Any CPU
	EndGlobalSection
	GlobalSection(SolutionProperties) = preSolution
		HideSolutionNode = FALSE
	EndGlobalSection
	GlobalSection(ExtensibilityGlobals) = postSolution
		SolutionGuid = {59321789-CAD1-48CA-BB9E-A6EBD8F54327}
	EndGlobalSection
EndGlobal
